
Microsoft Visual Studio Solution File, Format Version 12.00
# Visual Studio Version 17
VisualStudioVersion = 17.5.33516.290
MinimumVisualStudioVersion = 10.0.40219.1
Project("{FAE04EC0-301F-11D3-BF4B-00C04F79EFBC}") = "LibraryKl", "LibraryKl\LibraryKl.csproj", "{8DFA8A09-E5D0-4404-941E-445364C53B1B}"
EndProject
Global
	GlobalSection(SolutionConfigurationPlatforms) = preSolution
		Debug|Any CPU = Debug|Any CPU
		Release|Any CPU = Release|Any CPU
	EndGlobalSection
	GlobalSection(ProjectConfigurationPlatforms) = postSolution
		{8DFA8A09-E5D0-4404-941E-445364C53B1B}.Debug|Any CPU.ActiveCfg = Debug|Any CPU
		{8DFA8A09-E5D0-4404-941E-445364C53B1B}.Debug|Any CPU.Build.0 = Debug|Any CPU
		{8DFA8A09-E5D0-4404-941E-445364C53B1B}.Release|Any CPU.ActiveCfg = Release|Any CPU
		{8DFA8A09-E5D0-4404-941E-445364C53B1B}.Release|Any CPU.Build.0 = Release|Any CPU
	EndGlobalSection
	GlobalSection(SolutionProperties) = preSolution
		HideSolutionNode = FALSE
	EndGlobalSection
	GlobalSection(ExtensibilityGlobals) = postSolution
		SolutionGuid = {0D0058F1-32E5-43C3-9C76-6A942C4F29C4}
	EndGlobalSection
EndGlobal
